
Microsoft Visual Studio Solution File, Format Version 12.00
# Visual Studio Version 17
VisualStudioVersion = 17.9.34728.123
MinimumVisualStudioVersion = 10.0.40219.1
Project("{FAE04EC0-301F-11D3-BF4B-00C04F79EFBC}") = "ExercicioEstruturaCondicional", "ExercicioEstruturaCondicional\ExercicioEstruturaCondicional.csproj", "{0A6A161F-0F08-4A43-8F44-6AEE75A6BC63}"
EndProject
Global
	GlobalSection(SolutionConfigurationPlatforms) = preSolution
		Debug|Any CPU = Debug|Any CPU
		Release|Any CPU = Release|Any CPU
	EndGlobalSection
	GlobalSection(ProjectConfigurationPlatforms) = postSolution
		{0A6A161F-0F08-4A43-8F44-6AEE75A6BC63}.Debug|Any CPU.ActiveCfg = Debug|Any CPU
		{0A6A161F-0F08-4A43-8F44-6AEE75A6BC63}.Debug|Any CPU.Build.0 = Debug|Any CPU
		{0A6A161F-0F08-4A43-8F44-6AEE75A6BC63}.Release|Any CPU.ActiveCfg = Release|Any CPU
		{0A6A161F-0F08-4A43-8F44-6AEE75A6BC63}.Release|Any CPU.Build.0 = Release|Any CPU
	EndGlobalSection
	GlobalSection(SolutionProperties) = preSolution
		HideSolutionNode = FALSE
	EndGlobalSection
	GlobalSection(ExtensibilityGlobals) = postSolution
		SolutionGuid = {0FF69227-E36E-47F0-A060-10BC3D6AACB8}
	EndGlobalSection
EndGlobal
